{
  "version": 4,
  "terraform_version": "1.5.7",
  "serial": 50,
  "lineage": "0613decf-b4f1-9d6b-70a4-de2029e526e4",
  "outputs": {
    "external_ip_address_vm_1": {
      "value": "178.154.220.4",
      "type": "string"
    }
  },
  "resources": [
    {
      "mode": "data",
      "type": "yandex_compute_image",
      "name": "container-optimized-image",
      "provider": "provider[\"registry.terraform.io/yandex-cloud/yandex\"]",
      "instances": [
        {
          "schema_version": 0,
          "attributes": {
            "created_at": "2024-06-03T10:57:43Z",
            "description": "Container Optimized Image 3.0.11",
            "family": "container-optimized-image",
            "folder_id": "standard-images",
            "id": "fd87521saeibvl6ifu8q",
            "image_id": "fd87521saeibvl6ifu8q",
            "labels": {
              "x-hopper-operation-id": "d9pki7m4k0jakhghdkv0",
              "x-hopper-source-image-id": "fd879f6mp1d6cjv48ehj"
            },
            "min_disk_size": 15,
            "name": "container-optimized-image-v20240603",
            "os_type": "linux",
            "pooled": true,
            "product_ids": [
              "f2em2ol3v0vqvu0b4lgb"
            ],
            "size": 9,
            "status": "ready"
          },
          "sensitive_attributes": []
        }
      ]
    },
    {
      "mode": "managed",
      "type": "yandex_compute_disk",
      "name": "vm-1-bd",
      "provider": "provider[\"registry.terraform.io/yandex-cloud/yandex\"]",
      "instances": [
        {
          "schema_version": 0,
          "attributes": {
            "allow_recreate": null,
            "block_size": 4096,
            "created_at": "2024-06-10T07:29:18Z",
            "description": "",
            "disk_placement_policy": [
              {
                "disk_placement_group_id": ""
              }
            ],
            "folder_id": "b1gat1cqc6bmifrel3h1",
            "id": "fhmev56m3krboqrl93vs",
            "image_id": "fd87521saeibvl6ifu8q",
            "labels": null,
            "name": "vm-1-bd",
            "product_ids": [
              "f2em2ol3v0vqvu0b4lgb"
            ],
            "size": 15,
            "snapshot_id": "",
            "status": "ready",
            "timeouts": null,
            "type": "network-hdd",
            "zone": "ru-central1-a"
          },
          "sensitive_attributes": [],
          "private": "eyJlMmJmYjczMC1lY2FhLTExZTYtOGY4OC0zNDM2M2JjN2M0YzAiOnsiY3JlYXRlIjozMDAwMDAwMDAwMDAsImRlbGV0ZSI6MzAwMDAwMDAwMDAwLCJ1cGRhdGUiOjMwMDAwMDAwMDAwMH19",
          "dependencies": [
            "data.yandex_compute_image.container-optimized-image"
          ]
        }
      ]
    },
    {
      "mode": "managed",
      "type": "yandex_compute_instance",
      "name": "vm-1",
      "provider": "provider[\"registry.terraform.io/yandex-cloud/yandex\"]",
      "instances": [
        {
          "schema_version": 1,
          "attributes": {
            "allow_recreate": null,
            "allow_stopping_for_update": null,
            "boot_disk": [
              {
                "auto_delete": true,
                "device_name": "fhmev56m3krboqrl93vs",
                "disk_id": "fhmev56m3krboqrl93vs",
                "initialize_params": [
                  {
                    "block_size": 4096,
                    "description": "",
                    "image_id": "fd87521saeibvl6ifu8q",
                    "name": "vm-1-bd",
                    "size": 15,
                    "snapshot_id": "",
                    "type": "network-hdd"
                  }
                ],
                "mode": "READ_WRITE"
              }
            ],
            "created_at": "2024-06-10T07:29:25Z",
            "description": "",
            "filesystem": [],
            "folder_id": "b1gat1cqc6bmifrel3h1",
            "fqdn": "fhmj0up21ludbqg59q8f.auto.internal",
            "gpu_cluster_id": "",
            "hostname": "",
            "id": "fhmj0up21ludbqg59q8f",
            "labels": null,
            "local_disk": [],
            "maintenance_grace_period": "",
            "maintenance_policy": null,
            "metadata": {
              "user-data": "#cloud-config\nusers:\n  - name: dimasik\n    groups: sudo\n    shell: /bin/bash\n    sudo: 'ALL=(ALL) NOPASSWD:ALL'\n    ssh-authorized-keys:\n      - ssh-rsa AAAAB3NzaC1yc2EAAAADAQABAAABgQDdvXeqgpC1T1TiUyv5kDkEXoZc+qFOw4wLg9NbBXBJMQz2C8JEjCjUHlhNiQ2oPEDpX9Np5pglB4hAr+SKBIDTsMKMnKMxfexByzGIcBi5aBKBi8n6agIZIKPkNai2Y8fBhzsvGC9GoPghVZo7NyGFMkuT7TrOr60xTp21C9vlSSQ3MGDQo9i9y2/jVMwa9LH1zlDFKdAGCsJwEI3Xl5yu1mwonoFkWthFj/hrwZrYTpSRaVGb/EDQMlTgpxKcn6uBhP3otncjHDvW1TD6UdsQEEnPJiG/yCWOwSiE9HVoEIeSLgx8KFuSzqCN14WJHVkEoNTMoKwrdtoAcqziRMzZpfnmthZgjKxscERB6SHTTapVrAXvdg+ttxdQlgTbUM//wByafgLbHSQyC+tWuHn4zonRSFZwhhMJwgb/ztL+r0FJYWPBsW6dsgdrxdBlnZLiSo8/isW7PFOjFrJFsaD4uAUK8SI7x+QSYn48p+nfJY6F+0IsP8ObfxnqgZO7A60= dshagarov@mbp-dshagarov-OZON-VWPX2Y5Q2T\n"
            },
            "metadata_options": [
              {
                "aws_v1_http_endpoint": 1,
                "aws_v1_http_token": 2,
                "gce_http_endpoint": 1,
                "gce_http_token": 1
              }
            ],
            "name": "vm-1",
            "network_acceleration_type": "standard",
            "network_interface": [
              {
                "dns_record": [],
                "index": 0,
                "ip_address": "10.1.0.4",
                "ipv4": true,
                "ipv6": false,
                "ipv6_address": "",
                "ipv6_dns_record": [],
                "mac_address": "d0:0d:13:07:b2:20",
                "nat": true,
                "nat_dns_record": [],
                "nat_ip_address": "178.154.220.4",
                "nat_ip_version": "IPV4",
                "security_group_ids": [],
                "subnet_id": "e9bpgk8p1ha4fq6u4bc0"
              }
            ],
            "placement_policy": [
              {
                "host_affinity_rules": [],
                "placement_group_id": "",
                "placement_group_partition": 0
              }
            ],
            "platform_id": "standard-v1",
            "resources": [
              {
                "core_fraction": 20,
                "cores": 2,
                "gpus": 0,
                "memory": 1
              }
            ],
            "scheduling_policy": [
              {
                "preemptible": false
              }
            ],
            "secondary_disk": [],
            "service_account_id": "ajeuvo5ti0a6fiplkd8c",
            "status": "running",
            "timeouts": null,
            "zone": "ru-central1-a"
          },
          "sensitive_attributes": [],
          "private": "eyJlMmJmYjczMC1lY2FhLTExZTYtOGY4OC0zNDM2M2JjN2M0YzAiOnsiY3JlYXRlIjozMDAwMDAwMDAwMDAsImRlbGV0ZSI6MzAwMDAwMDAwMDAwLCJ1cGRhdGUiOjMwMDAwMDAwMDAwMH0sInNjaGVtYV92ZXJzaW9uIjoiMSJ9",
          "dependencies": [
            "data.yandex_compute_image.container-optimized-image",
            "yandex_compute_disk.vm-1-bd",
            "yandex_iam_service_account.vm-sa",
            "yandex_vpc_address.vm-1-addr",
            "yandex_vpc_subnet.subnet-a"
          ]
        }
      ]
    },
    {
      "mode": "managed",
      "type": "yandex_iam_service_account",
      "name": "vm-sa",
      "provider": "provider[\"registry.terraform.io/yandex-cloud/yandex\"]",
      "instances": [
        {
          "schema_version": 0,
          "attributes": {
            "created_at": "2024-06-09T20:09:54Z",
            "description": "",
            "folder_id": "b1gat1cqc6bmifrel3h1",
            "id": "ajeuvo5ti0a6fiplkd8c",
            "name": "vm-sa",
            "timeouts": null
          },
          "sensitive_attributes": [],
          "private": "eyJlMmJmYjczMC1lY2FhLTExZTYtOGY4OC0zNDM2M2JjN2M0YzAiOnsiY3JlYXRlIjo2MDAwMDAwMDAwMCwiZGVsZXRlIjo2MDAwMDAwMDAwMCwidXBkYXRlIjo2MDAwMDAwMDAwMH19"
        }
      ]
    },
    {
      "mode": "managed",
      "type": "yandex_resourcemanager_folder_iam_binding",
      "name": "editor",
      "provider": "provider[\"registry.terraform.io/yandex-cloud/yandex\"]",
      "instances": [
        {
          "schema_version": 0,
          "attributes": {
            "folder_id": "b1gat1cqc6bmifrel3h1",
            "id": "b1gat1cqc6bmifrel3h1/editor",
            "members": [
              "serviceAccount:ajeuvo5ti0a6fiplkd8c"
            ],
            "role": "editor",
            "sleep_after": null,
            "timeouts": null
          },
          "sensitive_attributes": [],
          "private": "eyJlMmJmYjczMC1lY2FhLTExZTYtOGY4OC0zNDM2M2JjN2M0YzAiOnsiY3JlYXRlIjo2MDAwMDAwMDAwMCwiZGVmYXVsdCI6NjAwMDAwMDAwMDAsImRlbGV0ZSI6NjAwMDAwMDAwMDAsInJlYWQiOjYwMDAwMDAwMDAwLCJ1cGRhdGUiOjYwMDAwMDAwMDAwfX0=",
          "dependencies": [
            "yandex_iam_service_account.vm-sa"
          ]
        }
      ]
    },
    {
      "mode": "managed",
      "type": "yandex_vpc_address",
      "name": "vm-1-addr",
      "provider": "provider[\"registry.terraform.io/yandex-cloud/yandex\"]",
      "instances": [
        {
          "schema_version": 0,
          "attributes": {
            "created_at": "2024-06-10T07:08:31Z",
            "deletion_protection": false,
            "description": "",
            "dns_record": [],
            "external_ipv4_address": [
              {
                "address": "178.154.220.4",
                "ddos_protection_provider": "",
                "outgoing_smtp_capability": "",
                "zone_id": "ru-central1-a"
              }
            ],
            "folder_id": "b1gat1cqc6bmifrel3h1",
            "id": "e9btqcsbi4ctlg9dafaf",
            "labels": {},
            "name": "vm-1-addr",
            "reserved": true,
            "timeouts": null,
            "used": false
          },
          "sensitive_attributes": [],
          "private": "eyJlMmJmYjczMC1lY2FhLTExZTYtOGY4OC0zNDM2M2JjN2M0YzAiOnsiY3JlYXRlIjozMDAwMDAwMDAwMCwiZGVsZXRlIjozMDAwMDAwMDAwMCwidXBkYXRlIjozMDAwMDAwMDAwMH19"
        }
      ]
    },
    {
      "mode": "managed",
      "type": "yandex_vpc_network",
      "name": "main-network",
      "provider": "provider[\"registry.terraform.io/yandex-cloud/yandex\"]",
      "instances": [
        {
          "schema_version": 0,
          "attributes": {
            "created_at": "2024-06-09T20:09:54Z",
            "default_security_group_id": "enpbt6luc9d0lkn3euq6",
            "description": "Network for the compute instance",
            "folder_id": "b1gat1cqc6bmifrel3h1",
            "id": "enpbo38v6mcgbn8vl86b",
            "labels": {},
            "name": "main-network",
            "subnet_ids": [
              "e9bpgk8p1ha4fq6u4bc0"
            ],
            "timeouts": null
          },
          "sensitive_attributes": [],
          "private": "eyJlMmJmYjczMC1lY2FhLTExZTYtOGY4OC0zNDM2M2JjN2M0YzAiOnsiY3JlYXRlIjo2MDAwMDAwMDAwMCwiZGVsZXRlIjo2MDAwMDAwMDAwMCwidXBkYXRlIjo2MDAwMDAwMDAwMH19"
        }
      ]
    },
    {
      "mode": "managed",
      "type": "yandex_vpc_subnet",
      "name": "subnet-a",
      "provider": "provider[\"registry.terraform.io/yandex-cloud/yandex\"]",
      "instances": [
        {
          "schema_version": 0,
          "attributes": {
            "created_at": "2024-06-09T20:09:55Z",
            "description": "Subnet in ru-central1-a availability zone",
            "dhcp_options": [],
            "folder_id": "b1gat1cqc6bmifrel3h1",
            "id": "e9bpgk8p1ha4fq6u4bc0",
            "labels": {},
            "name": "subnet-a",
            "network_id": "enpbo38v6mcgbn8vl86b",
            "route_table_id": "",
            "timeouts": null,
            "v4_cidr_blocks": [
              "10.1.0.0/16"
            ],
            "v6_cidr_blocks": [],
            "zone": "ru-central1-a"
          },
          "sensitive_attributes": [],
          "private": "eyJlMmJmYjczMC1lY2FhLTExZTYtOGY4OC0zNDM2M2JjN2M0YzAiOnsiY3JlYXRlIjoxODAwMDAwMDAwMDAsImRlbGV0ZSI6MTgwMDAwMDAwMDAwLCJ1cGRhdGUiOjE4MDAwMDAwMDAwMH19",
          "dependencies": [
            "yandex_vpc_network.main-network"
          ]
        }
      ]
    }
  ],
  "check_results": null
}
